
Microsoft Visual Studio Solution File, Format Version 12.00
# Visual Studio Version 17
VisualStudioVersion = 17.5.002.0
MinimumVisualStudioVersion = 10.0.40219.1
Project("{9A19103F-16F7-4668-BE54-9A1E7A4F7556}") = "gateway", "src\gateway.csproj", "{A6A49A52-E855-44C9-A37B-FDD801DB2E06}"
EndProject
Global
	GlobalSection(SolutionConfigurationPlatforms) = preSolution
		Debug|Any CPU = Debug|Any CPU
		Release|Any CPU = Release|Any CPU
	EndGlobalSection
	GlobalSection(ProjectConfigurationPlatforms) = postSolution
		{A6A49A52-E855-44C9-A37B-FDD801DB2E06}.Debug|Any CPU.ActiveCfg = Debug|Any CPU
		{A6A49A52-E855-44C9-A37B-FDD801DB2E06}.Debug|Any CPU.Build.0 = Debug|Any CPU
		{A6A49A52-E855-44C9-A37B-FDD801DB2E06}.Release|Any CPU.ActiveCfg = Release|Any CPU
		{A6A49A52-E855-44C9-A37B-FDD801DB2E06}.Release|Any CPU.Build.0 = Release|Any CPU
	EndGlobalSection
	GlobalSection(SolutionProperties) = preSolution
		HideSolutionNode = FALSE
	EndGlobalSection
	GlobalSection(ExtensibilityGlobals) = postSolution
		SolutionGuid = {D2EE0005-A12C-403F-AEFC-D685250EB671}
	EndGlobalSection
EndGlobal
